
Microsoft Visual Studio Solution File, Format Version 12.00
# Visual Studio 15
VisualStudioVersion = 15.0.27130.2036
MinimumVisualStudioVersion = 10.0.40219.1
Project("{2150E333-8FDC-42A3-9474-1A3956D46DE8}") = "Engine", "Engine", "{000601DB-F656-4786-B875-EE2C71AE9248}"
EndProject
Project("{2150E333-8FDC-42A3-9474-1A3956D46DE8}") = "Games", "Games", "{3A33C693-55F5-4BA0-B8C1-6E838AAE0690}"
EndProject
Project("{8BC9CEB8-8B4A-11D0-8D11-00A0C91BC942}") = "UE4", "Intermediate\ProjectFiles\UE4.vcxproj", "{F7A2E11D-F834-4DDC-BAF7-E72E0E94C05E}"
EndProject
Project("{8BC9CEB8-8B4A-11D0-8D11-00A0C91BC942}") = "Ball", "Intermediate\ProjectFiles\Ball.vcxproj", "{3BB534D1-7B8F-4F7E-AB20-C33FE1A31CAD}"
EndProject
Global
	GlobalSection(SolutionConfigurationPlatforms) = preSolution
		DebugGame Editor|HTML5 = DebugGame Editor|HTML5
		DebugGame Editor|Win32 = DebugGame Editor|Win32
		DebugGame Editor|Win64 = DebugGame Editor|Win64
		DebugGame|HTML5 = DebugGame|HTML5
		DebugGame|Win32 = DebugGame|Win32
		DebugGame|Win64 = DebugGame|Win64
		Development Editor|HTML5 = Development Editor|HTML5
		Development Editor|Win32 = Development Editor|Win32
		Development Editor|Win64 = Development Editor|Win64
		Development|HTML5 = Development|HTML5
		Development|Win32 = Development|Win32
		Development|Win64 = Development|Win64
		Shipping|HTML5 = Shipping|HTML5
		Shipping|Win32 = Shipping|Win32
		Shipping|Win64 = Shipping|Win64
	EndGlobalSection
	GlobalSection(ProjectConfigurationPlatforms) = postSolution
		{F7A2E11D-F834-4DDC-BAF7-E72E0E94C05E}.DebugGame Editor|HTML5.ActiveCfg = BuiltWithUnrealBuildTool|Win32
		{F7A2E11D-F834-4DDC-BAF7-E72E0E94C05E}.DebugGame Editor|HTML5.Build.0 = BuiltWithUnrealBuildTool|Win32
		{F7A2E11D-F834-4DDC-BAF7-E72E0E94C05E}.DebugGame Editor|Win32.ActiveCfg = BuiltWithUnrealBuildTool|Win32
		{F7A2E11D-F834-4DDC-BAF7-E72E0E94C05E}.DebugGame Editor|Win32.Build.0 = BuiltWithUnrealBuildTool|Win32
		{F7A2E11D-F834-4DDC-BAF7-E72E0E94C05E}.DebugGame Editor|Win64.ActiveCfg = BuiltWithUnrealBuildTool|Win32
		{F7A2E11D-F834-4DDC-BAF7-E72E0E94C05E}.DebugGame Editor|Win64.Build.0 = BuiltWithUnrealBuildTool|Win32
		{F7A2E11D-F834-4DDC-BAF7-E72E0E94C05E}.DebugGame|HTML5.ActiveCfg = BuiltWithUnrealBuildTool|Win32
		{F7A2E11D-F834-4DDC-BAF7-E72E0E94C05E}.DebugGame|HTML5.Build.0 = BuiltWithUnrealBuildTool|Win32
		{F7A2E11D-F834-4DDC-BAF7-E72E0E94C05E}.DebugGame|Win32.ActiveCfg = BuiltWithUnrealBuildTool|Win32
		{F7A2E11D-F834-4DDC-BAF7-E72E0E94C05E}.DebugGame|Win32.Build.0 = BuiltWithUnrealBuildTool|Win32
		{F7A2E11D-F834-4DDC-BAF7-E72E0E94C05E}.DebugGame|Win64.ActiveCfg = BuiltWithUnrealBuildTool|Win32
		{F7A2E11D-F834-4DDC-BAF7-E72E0E94C05E}.DebugGame|Win64.Build.0 = BuiltWithUnrealBuildTool|Win32
		{F7A2E11D-F834-4DDC-BAF7-E72E0E94C05E}.Development Editor|HTML5.ActiveCfg = BuiltWithUnrealBuildTool|Win32
		{F7A2E11D-F834-4DDC-BAF7-E72E0E94C05E}.Development Editor|HTML5.Build.0 = BuiltWithUnrealBuildTool|Win32
		{F7A2E11D-F834-4DDC-BAF7-E72E0E94C05E}.Development Editor|Win32.ActiveCfg = BuiltWithUnrealBuildTool|Win32
		{F7A2E11D-F834-4DDC-BAF7-E72E0E94C05E}.Development Editor|Win32.Build.0 = BuiltWithUnrealBuildTool|Win32
		{F7A2E11D-F834-4DDC-BAF7-E72E0E94C05E}.Development Editor|Win64.ActiveCfg = BuiltWithUnrealBuildTool|Win32
		{F7A2E11D-F834-4DDC-BAF7-E72E0E94C05E}.Development Editor|Win64.Build.0 = BuiltWithUnrealBuildTool|Win32
		{F7A2E11D-F834-4DDC-BAF7-E72E0E94C05E}.Development|HTML5.ActiveCfg = BuiltWithUnrealBuildTool|Win32
		{F7A2E11D-F834-4DDC-BAF7-E72E0E94C05E}.Development|HTML5.Build.0 = BuiltWithUnrealBuildTool|Win32
		{F7A2E11D-F834-4DDC-BAF7-E72E0E94C05E}.Development|Win32.ActiveCfg = BuiltWithUnrealBuildTool|Win32
		{F7A2E11D-F834-4DDC-BAF7-E72E0E94C05E}.Development|Win32.Build.0 = BuiltWithUnrealBuildTool|Win32
		{F7A2E11D-F834-4DDC-BAF7-E72E0E94C05E}.Development|Win64.ActiveCfg = BuiltWithUnrealBuildTool|Win32
		{F7A2E11D-F834-4DDC-BAF7-E72E0E94C05E}.Development|Win64.Build.0 = BuiltWithUnrealBuildTool|Win32
		{F7A2E11D-F834-4DDC-BAF7-E72E0E94C05E}.Shipping|HTML5.ActiveCfg = BuiltWithUnrealBuildTool|Win32
		{F7A2E11D-F834-4DDC-BAF7-E72E0E94C05E}.Shipping|HTML5.Build.0 = BuiltWithUnrealBuildTool|Win32
		{F7A2E11D-F834-4DDC-BAF7-E72E0E94C05E}.Shipping|Win32.ActiveCfg = BuiltWithUnrealBuildTool|Win32
		{F7A2E11D-F834-4DDC-BAF7-E72E0E94C05E}.Shipping|Win32.Build.0 = BuiltWithUnrealBuildTool|Win32
		{F7A2E11D-F834-4DDC-BAF7-E72E0E94C05E}.Shipping|Win64.ActiveCfg = BuiltWithUnrealBuildTool|Win32
		{F7A2E11D-F834-4DDC-BAF7-E72E0E94C05E}.Shipping|Win64.Build.0 = BuiltWithUnrealBuildTool|Win32
		{3BB534D1-7B8F-4F7E-AB20-C33FE1A31CAD}.DebugGame Editor|HTML5.ActiveCfg = HTML5_DebugGame_Editor|Win32
		{3BB534D1-7B8F-4F7E-AB20-C33FE1A31CAD}.DebugGame Editor|Win32.ActiveCfg = DebugGame_Editor|Win32
		{3BB534D1-7B8F-4F7E-AB20-C33FE1A31CAD}.DebugGame Editor|Win64.ActiveCfg = DebugGame_Editor|x64
		{3BB534D1-7B8F-4F7E-AB20-C33FE1A31CAD}.DebugGame Editor|Win64.Build.0 = DebugGame_Editor|x64
		{3BB534D1-7B8F-4F7E-AB20-C33FE1A31CAD}.DebugGame|HTML5.ActiveCfg = HTML5_DebugGame_Game|Win32
		{3BB534D1-7B8F-4F7E-AB20-C33FE1A31CAD}.DebugGame|HTML5.Build.0 = HTML5_DebugGame_Game|Win32
		{3BB534D1-7B8F-4F7E-AB20-C33FE1A31CAD}.DebugGame|Win32.ActiveCfg = DebugGame_Game|Win32
		{3BB534D1-7B8F-4F7E-AB20-C33FE1A31CAD}.DebugGame|Win32.Build.0 = DebugGame_Game|Win32
		{3BB534D1-7B8F-4F7E-AB20-C33FE1A31CAD}.DebugGame|Win64.ActiveCfg = DebugGame_Game|x64
		{3BB534D1-7B8F-4F7E-AB20-C33FE1A31CAD}.DebugGame|Win64.Build.0 = DebugGame_Game|x64
		{3BB534D1-7B8F-4F7E-AB20-C33FE1A31CAD}.Development Editor|HTML5.ActiveCfg = HTML5_Development_Editor|Win32
		{3BB534D1-7B8F-4F7E-AB20-C33FE1A31CAD}.Development Editor|Win32.ActiveCfg = Development_Editor|Win32
		{3BB534D1-7B8F-4F7E-AB20-C33FE1A31CAD}.Development Editor|Win64.ActiveCfg = Development_Editor|x64
		{3BB534D1-7B8F-4F7E-AB20-C33FE1A31CAD}.Development Editor|Win64.Build.0 = Development_Editor|x64
		{3BB534D1-7B8F-4F7E-AB20-C33FE1A31CAD}.Development|HTML5.ActiveCfg = HTML5_Development_Game|Win32
		{3BB534D1-7B8F-4F7E-AB20-C33FE1A31CAD}.Development|HTML5.Build.0 = HTML5_Development_Game|Win32
		{3BB534D1-7B8F-4F7E-AB20-C33FE1A31CAD}.Development|Win32.ActiveCfg = Development_Game|Win32
		{3BB534D1-7B8F-4F7E-AB20-C33FE1A31CAD}.Development|Win32.Build.0 = Development_Game|Win32
		{3BB534D1-7B8F-4F7E-AB20-C33FE1A31CAD}.Development|Win64.ActiveCfg = Development_Game|x64
		{3BB534D1-7B8F-4F7E-AB20-C33FE1A31CAD}.Development|Win64.Build.0 = Development_Game|x64
		{3BB534D1-7B8F-4F7E-AB20-C33FE1A31CAD}.Shipping|HTML5.ActiveCfg = HTML5_Shipping_Game|Win32
		{3BB534D1-7B8F-4F7E-AB20-C33FE1A31CAD}.Shipping|HTML5.Build.0 = HTML5_Shipping_Game|Win32
		{3BB534D1-7B8F-4F7E-AB20-C33FE1A31CAD}.Shipping|Win32.ActiveCfg = Shipping_Game|Win32
		{3BB534D1-7B8F-4F7E-AB20-C33FE1A31CAD}.Shipping|Win32.Build.0 = Shipping_Game|Win32
		{3BB534D1-7B8F-4F7E-AB20-C33FE1A31CAD}.Shipping|Win64.ActiveCfg = Shipping_Game|x64
		{3BB534D1-7B8F-4F7E-AB20-C33FE1A31CAD}.Shipping|Win64.Build.0 = Shipping_Game|x64
	EndGlobalSection
	GlobalSection(SolutionProperties) = preSolution
		HideSolutionNode = FALSE
	EndGlobalSection
	GlobalSection(NestedProjects) = preSolution
		{F7A2E11D-F834-4DDC-BAF7-E72E0E94C05E} = {000601DB-F656-4786-B875-EE2C71AE9248}
		{3BB534D1-7B8F-4F7E-AB20-C33FE1A31CAD} = {3A33C693-55F5-4BA0-B8C1-6E838AAE0690}
	EndGlobalSection
	GlobalSection(ExtensibilityGlobals) = postSolution
		SolutionGuid = {F80DE5F5-EEFF-44A8-AE66-FB7761046670}
	EndGlobalSection
EndGlobal
